// !$*UTF8*$!
{
	archiveVersion = 1;
	classes = {
	};
	objectVersion = 50;
	objects = {

/* Begin PBXBuildFile section */
		7D41836727007FDA00DEF068 /* AppDelegate.swift in Sources */ = {isa = PBXBuildFile; fileRef = 7D41836627007FDA00DEF068 /* AppDelegate.swift */; };
		7D41836927007FDA00DEF068 /* SceneDelegate.swift in Sources */ = {isa = PBXBuildFile; fileRef = 7D41836827007FDA00DEF068 /* SceneDelegate.swift */; };
		7D41836D27007FDC00DEF068 /* Assets.xcassets in Resources */ = {isa = PBXBuildFile; fileRef = 7D41836C27007FDC00DEF068 /* Assets.xcassets */; };
		7D41837027007FDC00DEF068 /* Preview Assets.xcassets in Resources */ = {isa = PBXBuildFile; fileRef = 7D41836F27007FDC00DEF068 /* Preview Assets.xcassets */; };
		7D41837327007FDC00DEF068 /* LaunchScreen.storyboard in Resources */ = {isa = PBXBuildFile; fileRef = 7D41837127007FDC00DEF068 /* LaunchScreen.storyboard */; };
		7D41837E27007FDC00DEF068 /* FindCoronaCenterTests.swift in Sources */ = {isa = PBXBuildFile; fileRef = 7D41837D27007FDC00DEF068 /* FindCoronaCenterTests.swift */; };
		7D41838927007FDC00DEF068 /* FindCoronaCenterUITests.swift in Sources */ = {isa = PBXBuildFile; fileRef = 7D41838827007FDC00DEF068 /* FindCoronaCenterUITests.swift */; };
		7D41839727007FF200DEF068 /* CenterAPIReponse.swift in Sources */ = {isa = PBXBuildFile; fileRef = 7D41839627007FF200DEF068 /* CenterAPIReponse.swift */; };
		7D41839A2700801000DEF068 /* Center.swift in Sources */ = {isa = PBXBuildFile; fileRef = 7D4183992700801000DEF068 /* Center.swift */; };
		7D41839C2700818500DEF068 /* CenterAPI.swift in Sources */ = {isa = PBXBuildFile; fileRef = 7D41839B2700818500DEF068 /* CenterAPI.swift */; };
		7D41839F2700822600DEF068 /* CenterNetwork.swift in Sources */ = {isa = PBXBuildFile; fileRef = 7D41839E2700822600DEF068 /* CenterNetwork.swift */; };
		7D4183A32700842100DEF068 /* SelectRegionViewModel.swift in Sources */ = {isa = PBXBuildFile; fileRef = 7D4183A22700842100DEF068 /* SelectRegionViewModel.swift */; };
		7D4183A52700859700DEF068 /* SelectRegionView.swift in Sources */ = {isa = PBXBuildFile; fileRef = 7D4183A42700859700DEF068 /* SelectRegionView.swift */; };
		7D4183A7270085AC00DEF068 /* SelectRegionItem.swift in Sources */ = {isa = PBXBuildFile; fileRef = 7D4183A6270085AC00DEF068 /* SelectRegionItem.swift */; };
/* End PBXBuildFile section */

/* Begin PBXContainerItemProxy section */
		7D41837A27007FDC00DEF068 /* PBXContainerItemProxy */ = {
			isa = PBXContainerItemProxy;
			containerPortal = 7D41835B27007FDA00DEF068 /* Project object */;
			proxyType = 1;
			remoteGlobalIDString = 7D41836227007FDA00DEF068;
			remoteInfo = FindCoronaCenter;
		};
		7D41838527007FDC00DEF068 /* PBXContainerItemProxy */ = {
			isa = PBXContainerItemProxy;
			containerPortal = 7D41835B27007FDA00DEF068 /* Project object */;
			proxyType = 1;
			remoteGlobalIDString = 7D41836227007FDA00DEF068;
			remoteInfo = FindCoronaCenter;
		};
/* End PBXContainerItemProxy section */

/* Begin PBXFileReference section */
		7D41836327007FDA00DEF068 /* FindCoronaCenter.app */ = {isa = PBXFileReference; explicitFileType = wrapper.application; includeInIndex = 0; path = FindCoronaCenter.app; sourceTree = BUILT_PRODUCTS_DIR; };
		7D41836627007FDA00DEF068 /* AppDelegate.swift */ = {isa = PBXFileReference; lastKnownFileType = sourcecode.swift; path = AppDelegate.swift; sourceTree = "<group>"; };
		7D41836827007FDA00DEF068 /* SceneDelegate.swift */ = {isa = PBXFileReference; lastKnownFileType = sourcecode.swift; path = SceneDelegate.swift; sourceTree = "<group>"; };
		7D41836C27007FDC00DEF068 /* Assets.xcassets */ = {isa = PBXFileReference; lastKnownFileType = folder.assetcatalog; path = Assets.xcassets; sourceTree = "<group>"; };
		7D41836F27007FDC00DEF068 /* Preview Assets.xcassets */ = {isa = PBXFileReference; lastKnownFileType = folder.assetcatalog; path = "Preview Assets.xcassets"; sourceTree = "<group>"; };
		7D41837227007FDC00DEF068 /* Base */ = {isa = PBXFileReference; lastKnownFileType = file.storyboard; name = Base; path = Base.lproj/LaunchScreen.storyboard; sourceTree = "<group>"; };
		7D41837427007FDC00DEF068 /* Info.plist */ = {isa = PBXFileReference; lastKnownFileType = text.plist.xml; path = Info.plist; sourceTree = "<group>"; };
		7D41837927007FDC00DEF068 /* FindCoronaCenterTests.xctest */ = {isa = PBXFileReference; explicitFileType = wrapper.cfbundle; includeInIndex = 0; path = FindCoronaCenterTests.xctest; sourceTree = BUILT_PRODUCTS_DIR; };
		7D41837D27007FDC00DEF068 /* FindCoronaCenterTests.swift */ = {isa = PBXFileReference; lastKnownFileType = sourcecode.swift; path = FindCoronaCenterTests.swift; sourceTree = "<group>"; };
		7D41837F27007FDC00DEF068 /* Info.plist */ = {isa = PBXFileReference; lastKnownFileType = text.plist.xml; path = Info.plist; sourceTree = "<group>"; };
		7D41838427007FDC00DEF068 /* FindCoronaCenterUITests.xctest */ = {isa = PBXFileReference; explicitFileType = wrapper.cfbundle; includeInIndex = 0; path = FindCoronaCenterUITests.xctest; sourceTree = BUILT_PRODUCTS_DIR; };
		7D41838827007FDC00DEF068 /* FindCoronaCenterUITests.swift */ = {isa = PBXFileReference; lastKnownFileType = sourcecode.swift; path = FindCoronaCenterUITests.swift; sourceTree = "<group>"; };
		7D41838A27007FDC00DEF068 /* Info.plist */ = {isa = PBXFileReference; lastKnownFileType = text.plist.xml; path = Info.plist; sourceTree = "<group>"; };
		7D41839627007FF200DEF068 /* CenterAPIReponse.swift */ = {isa = PBXFileReference; lastKnownFileType = sourcecode.swift; path = CenterAPIReponse.swift; sourceTree = "<group>"; };
		7D4183992700801000DEF068 /* Center.swift */ = {isa = PBXFileReference; lastKnownFileType = sourcecode.swift; path = Center.swift; sourceTree = "<group>"; };
		7D41839B2700818500DEF068 /* CenterAPI.swift */ = {isa = PBXFileReference; lastKnownFileType = sourcecode.swift; path = CenterAPI.swift; sourceTree = "<group>"; };
		7D41839E2700822600DEF068 /* CenterNetwork.swift */ = {isa = PBXFileReference; lastKnownFileType = sourcecode.swift; path = CenterNetwork.swift; sourceTree = "<group>"; };
		7D4183A22700842100DEF068 /* SelectRegionViewModel.swift */ = {isa = PBXFileReference; lastKnownFileType = sourcecode.swift; path = SelectRegionViewModel.swift; sourceTree = "<group>"; };
		7D4183A42700859700DEF068 /* SelectRegionView.swift */ = {isa = PBXFileReference; lastKnownFileType = sourcecode.swift; path = SelectRegionView.swift; sourceTree = "<group>"; };
		7D4183A6270085AC00DEF068 /* SelectRegionItem.swift */ = {isa = PBXFileReference; lastKnownFileType = sourcecode.swift; path = SelectRegionItem.swift; sourceTree = "<group>"; };
/* End PBXFileReference section */

/* Begin PBXFrameworksBuildPhase section */
		7D41836027007FDA00DEF068 /* Frameworks */ = {
			isa = PBXFrameworksBuildPhase;
			buildActionMask = 2147483647;
			files = (
			);
			runOnlyForDeploymentPostprocessing = 0;
		};
		7D41837627007FDC00DEF068 /* Frameworks */ = {
			isa = PBXFrameworksBuildPhase;
			buildActionMask = 2147483647;
			files = (
			);
			runOnlyForDeploymentPostprocessing = 0;
		};
		7D41838127007FDC00DEF068 /* Frameworks */ = {
			isa = PBXFrameworksBuildPhase;
			buildActionMask = 2147483647;
			files = (
			);
			runOnlyForDeploymentPostprocessing = 0;
		};
/* End PBXFrameworksBuildPhase section */

/* Begin PBXGroup section */
		7D41835A27007FDA00DEF068 = {
			isa = PBXGroup;
			children = (
				7D41836527007FDA00DEF068 /* FindCoronaCenter */,
				7D41837C27007FDC00DEF068 /* FindCoronaCenterTests */,
				7D41838727007FDC00DEF068 /* FindCoronaCenterUITests */,
				7D41836427007FDA00DEF068 /* Products */,
			);
			sourceTree = "<group>";
		};
		7D41836427007FDA00DEF068 /* Products */ = {
			isa = PBXGroup;
			children = (
				7D41836327007FDA00DEF068 /* FindCoronaCenter.app */,
				7D41837927007FDC00DEF068 /* FindCoronaCenterTests.xctest */,
				7D41838427007FDC00DEF068 /* FindCoronaCenterUITests.xctest */,
			);
			name = Products;
			sourceTree = "<group>";
		};
		7D41836527007FDA00DEF068 /* FindCoronaCenter */ = {
			isa = PBXGroup;
			children = (
				7D41836627007FDA00DEF068 /* AppDelegate.swift */,
				7D41836827007FDA00DEF068 /* SceneDelegate.swift */,
				7D41839827007FF400DEF068 /* Entities */,
				7D41839D2700818F00DEF068 /* Network */,
				7D4183A82700866000DEF068 /* Presentation */,
				7D41836C27007FDC00DEF068 /* Assets.xcassets */,
				7D41837127007FDC00DEF068 /* LaunchScreen.storyboard */,
				7D41837427007FDC00DEF068 /* Info.plist */,
				7D41836E27007FDC00DEF068 /* Preview Content */,
			);
			path = FindCoronaCenter;
			sourceTree = "<group>";
		};
		7D41836E27007FDC00DEF068 /* Preview Content */ = {
			isa = PBXGroup;
			children = (
				7D41836F27007FDC00DEF068 /* Preview Assets.xcassets */,
			);
			path = "Preview Content";
			sourceTree = "<group>";
		};
		7D41837C27007FDC00DEF068 /* FindCoronaCenterTests */ = {
			isa = PBXGroup;
			children = (
				7D41837D27007FDC00DEF068 /* FindCoronaCenterTests.swift */,
				7D41837F27007FDC00DEF068 /* Info.plist */,
			);
			path = FindCoronaCenterTests;
			sourceTree = "<group>";
		};
		7D41838727007FDC00DEF068 /* FindCoronaCenterUITests */ = {
			isa = PBXGroup;
			children = (
				7D41838827007FDC00DEF068 /* FindCoronaCenterUITests.swift */,
				7D41838A27007FDC00DEF068 /* Info.plist */,
			);
			path = FindCoronaCenterUITests;
			sourceTree = "<group>";
		};
		7D41839827007FF400DEF068 /* Entities */ = {
			isa = PBXGroup;
			children = (
				7D41839627007FF200DEF068 /* CenterAPIReponse.swift */,
				7D4183992700801000DEF068 /* Center.swift */,
			);
			path = Entities;
			sourceTree = "<group>";
		};
		7D41839D2700818F00DEF068 /* Network */ = {
			isa = PBXGroup;
			children = (
				7D41839B2700818500DEF068 /* CenterAPI.swift */,
				7D41839E2700822600DEF068 /* CenterNetwork.swift */,
			);
			path = Network;
			sourceTree = "<group>";
		};
		7D4183A82700866000DEF068 /* Presentation */ = {
			isa = PBXGroup;
			children = (
				7D4183AE2700898700DEF068 /* SelectRegionView */,
			);
			path = Presentation;
			sourceTree = "<group>";
		};
		7D4183AE2700898700DEF068 /* SelectRegionView */ = {
			isa = PBXGroup;
			children = (
				7D4183A42700859700DEF068 /* SelectRegionView.swift */,
				7D4183A22700842100DEF068 /* SelectRegionViewModel.swift */,
				7D4183A6270085AC00DEF068 /* SelectRegionItem.swift */,
			);
			path = SelectRegionView;
			sourceTree = "<group>";
		};
/* End PBXGroup section */

/* Begin PBXNativeTarget section */
		7D41836227007FDA00DEF068 /* FindCoronaCenter */ = {
			isa = PBXNativeTarget;
			buildConfigurationList = 7D41838D27007FDC00DEF068 /* Build configuration list for PBXNativeTarget "FindCoronaCenter" */;
			buildPhases = (
				7D41835F27007FDA00DEF068 /* Sources */,
				7D41836027007FDA00DEF068 /* Frameworks */,
				7D41836127007FDA00DEF068 /* Resources */,
			);
			buildRules = (
			);
			dependencies = (
			);
			name = FindCoronaCenter;
			productName = FindCoronaCenter;
			productReference = 7D41836327007FDA00DEF068 /* FindCoronaCenter.app */;
			productType = "com.apple.product-type.application";
		};
		7D41837827007FDC00DEF068 /* FindCoronaCenterTests */ = {
			isa = PBXNativeTarget;
			buildConfigurationList = 7D41839027007FDC00DEF068 /* Build configuration list for PBXNativeTarget "FindCoronaCenterTests" */;
			buildPhases = (
				7D41837527007FDC00DEF068 /* Sources */,
				7D41837627007FDC00DEF068 /* Frameworks */,
				7D41837727007FDC00DEF068 /* Resources */,
			);
			buildRules = (
			);
			dependencies = (
				7D41837B27007FDC00DEF068 /* PBXTargetDependency */,
			);
			name = FindCoronaCenterTests;
			productName = FindCoronaCenterTests;
			productReference = 7D41837927007FDC00DEF068 /* FindCoronaCenterTests.xctest */;
			productType = "com.apple.product-type.bundle.unit-test";
		};
		7D41838327007FDC00DEF068 /* FindCoronaCenterUITests */ = {
			isa = PBXNativeTarget;
			buildConfigurationList = 7D41839327007FDC00DEF068 /* Build configuration list for PBXNativeTarget "FindCoronaCenterUITests" */;
			buildPhases = (
				7D41838027007FDC00DEF068 /* Sources */,
				7D41838127007FDC00DEF068 /* Frameworks */,
				7D41838227007FDC00DEF068 /* Resources */,
			);
			buildRules = (
			);
			dependencies = (
				7D41838627007FDC00DEF068 /* PBXTargetDependency */,
			);
			name = FindCoronaCenterUITests;
			productName = FindCoronaCenterUITests;
			productReference = 7D41838427007FDC00DEF068 /* FindCoronaCenterUITests.xctest */;
			productType = "com.apple.product-type.bundle.ui-testing";
		};
/* End PBXNativeTarget section */

/* Begin PBXProject section */
		7D41835B27007FDA00DEF068 /* Project object */ = {
			isa = PBXProject;
			attributes = {
				LastSwiftUpdateCheck = 1250;
				LastUpgradeCheck = 1250;
				TargetAttributes = {
					7D41836227007FDA00DEF068 = {
						CreatedOnToolsVersion = 12.5.1;
					};
					7D41837827007FDC00DEF068 = {
						CreatedOnToolsVersion = 12.5.1;
						TestTargetID = 7D41836227007FDA00DEF068;
					};
					7D41838327007FDC00DEF068 = {
						CreatedOnToolsVersion = 12.5.1;
						TestTargetID = 7D41836227007FDA00DEF068;
					};
				};
			};
			buildConfigurationList = 7D41835E27007FDA00DEF068 /* Build configuration list for PBXProject "FindCoronaCenter" */;
			compatibilityVersion = "Xcode 9.3";
			developmentRegion = en;
			hasScannedForEncodings = 0;
			knownRegions = (
				en,
				Base,
			);
			mainGroup = 7D41835A27007FDA00DEF068;
			productRefGroup = 7D41836427007FDA00DEF068 /* Products */;
			projectDirPath = "";
			projectRoot = "";
			targets = (
				7D41836227007FDA00DEF068 /* FindCoronaCenter */,
				7D41837827007FDC00DEF068 /* FindCoronaCenterTests */,
				7D41838327007FDC00DEF068 /* FindCoronaCenterUITests */,
			);
		};
/* End PBXProject section */

/* Begin PBXResourcesBuildPhase section */
		7D41836127007FDA00DEF068 /* Resources */ = {
			isa = PBXResourcesBuildPhase;
			buildActionMask = 2147483647;
			files = (
				7D41837327007FDC00DEF068 /* LaunchScreen.storyboard in Resources */,
				7D41837027007FDC00DEF068 /* Preview Assets.xcassets in Resources */,
				7D41836D27007FDC00DEF068 /* Assets.xcassets in Resources */,
			);
			runOnlyForDeploymentPostprocessing = 0;
		};
		7D41837727007FDC00DEF068 /* Resources */ = {
			isa = PBXResourcesBuildPhase;
			buildActionMask = 2147483647;
			files = (
			);
			runOnlyForDeploymentPostprocessing = 0;
		};
		7D41838227007FDC00DEF068 /* Resources */ = {
			isa = PBXResourcesBuildPhase;
			buildActionMask = 2147483647;
			files = (
			);
			runOnlyForDeploymentPostprocessing = 0;
		};
/* End PBXResourcesBuildPhase section */

/* Begin PBXSourcesBuildPhase section */
		7D41835F27007FDA00DEF068 /* Sources */ = {
			isa = PBXSourcesBuildPhase;
			buildActionMask = 2147483647;
			files = (
				7D4183A7270085AC00DEF068 /* SelectRegionItem.swift in Sources */,
				7D4183A32700842100DEF068 /* SelectRegionViewModel.swift in Sources */,
				7D4183A52700859700DEF068 /* SelectRegionView.swift in Sources */,
				7D41839A2700801000DEF068 /* Center.swift in Sources */,
				7D41839727007FF200DEF068 /* CenterAPIReponse.swift in Sources */,
				7D41836727007FDA00DEF068 /* AppDelegate.swift in Sources */,
				7D41839C2700818500DEF068 /* CenterAPI.swift in Sources */,
				7D41836927007FDA00DEF068 /* SceneDelegate.swift in Sources */,
				7D41839F2700822600DEF068 /* CenterNetwork.swift in Sources */,
			);
			runOnlyForDeploymentPostprocessing = 0;
		};
		7D41837527007FDC00DEF068 /* Sources */ = {
			isa = PBXSourcesBuildPhase;
			buildActionMask = 2147483647;
			files = (
				7D41837E27007FDC00DEF068 /* FindCoronaCenterTests.swift in Sources */,
			);
			runOnlyForDeploymentPostprocessing = 0;
		};
		7D41838027007FDC00DEF068 /* Sources */ = {
			isa = PBXSourcesBuildPhase;
			buildActionMask = 2147483647;
			files = (
				7D41838927007FDC00DEF068 /* FindCoronaCenterUITests.swift in Sources */,
			);
			runOnlyForDeploymentPostprocessing = 0;
		};
/* End PBXSourcesBuildPhase section */

/* Begin PBXTargetDependency section */
		7D41837B27007FDC00DEF068 /* PBXTargetDependency */ = {
			isa = PBXTargetDependency;
			target = 7D41836227007FDA00DEF068 /* FindCoronaCenter */;
			targetProxy = 7D41837A27007FDC00DEF068 /* PBXContainerItemProxy */;
		};
		7D41838627007FDC00DEF068 /* PBXTargetDependency */ = {
			isa = PBXTargetDependency;
			target = 7D41836227007FDA00DEF068 /* FindCoronaCenter */;
			targetProxy = 7D41838527007FDC00DEF068 /* PBXContainerItemProxy */;
		};
/* End PBXTargetDependency section */

/* Begin PBXVariantGroup section */
		7D41837127007FDC00DEF068 /* LaunchScreen.storyboard */ = {
			isa = PBXVariantGroup;
			children = (
				7D41837227007FDC00DEF068 /* Base */,
			);
			name = LaunchScreen.storyboard;
			sourceTree = "<group>";
		};
/* End PBXVariantGroup section */

/* Begin XCBuildConfiguration section */
		7D41838B27007FDC00DEF068 /* Debug */ = {
			isa = XCBuildConfiguration;
			buildSettings = {
				ALWAYS_SEARCH_USER_PATHS = NO;
				CLANG_ANALYZER_NONNULL = YES;
				CLANG_ANALYZER_NUMBER_OBJECT_CONVERSION = YES_AGGRESSIVE;
				CLANG_CXX_LANGUAGE_STANDARD = "gnu++14";
				CLANG_CXX_LIBRARY = "libc++";
				CLANG_ENABLE_MODULES = YES;
				CLANG_ENABLE_OBJC_ARC = YES;
				CLANG_ENABLE_OBJC_WEAK = YES;
				CLANG_WARN_BLOCK_CAPTURE_AUTORELEASING = YES;
				CLANG_WARN_BOOL_CONVERSION = YES;
				CLANG_WARN_COMMA = YES;
				CLANG_WARN_CONSTANT_CONVERSION = YES;
				CLANG_WARN_DEPRECATED_OBJC_IMPLEMENTATIONS = YES;
				CLANG_WARN_DIRECT_OBJC_ISA_USAGE = YES_ERROR;
				CLANG_WARN_DOCUMENTATION_COMMENTS = YES;
				CLANG_WARN_EMPTY_BODY = YES;
				CLANG_WARN_ENUM_CONVERSION = YES;
				CLANG_WARN_INFINITE_RECURSION = YES;
				CLANG_WARN_INT_CONVERSION = YES;
				CLANG_WARN_NON_LITERAL_NULL_CONVERSION = YES;
				CLANG_WARN_OBJC_IMPLICIT_RETAIN_SELF = YES;
				CLANG_WARN_OBJC_LITERAL_CONVERSION = YES;
				CLANG_WARN_OBJC_ROOT_CLASS = YES_ERROR;
				CLANG_WARN_QUOTED_INCLUDE_IN_FRAMEWORK_HEADER = YES;
				CLANG_WARN_RANGE_LOOP_ANALYSIS = YES;
				CLANG_WARN_STRICT_PROTOTYPES = YES;
				CLANG_WARN_SUSPICIOUS_MOVE = YES;
				CLANG_WARN_UNGUARDED_AVAILABILITY = YES_AGGRESSIVE;
				CLANG_WARN_UNREACHABLE_CODE = YES;
				CLANG_WARN__DUPLICATE_METHOD_MATCH = YES;
				COPY_PHASE_STRIP = NO;
				DEBUG_INFORMATION_FORMAT = dwarf;
				ENABLE_STRICT_OBJC_MSGSEND = YES;
				ENABLE_TESTABILITY = YES;
				GCC_C_LANGUAGE_STANDARD = gnu11;
				GCC_DYNAMIC_NO_PIC = NO;
				GCC_NO_COMMON_BLOCKS = YES;
				GCC_OPTIMIZATION_LEVEL = 0;
				GCC_PREPROCESSOR_DEFINITIONS = (
					"DEBUG=1",
					"$(inherited)",
				);
				GCC_WARN_64_TO_32_BIT_CONVERSION = YES;
				GCC_WARN_ABOUT_RETURN_TYPE = YES_ERROR;
				GCC_WARN_UNDECLARED_SELECTOR = YES;
				GCC_WARN_UNINITIALIZED_AUTOS = YES_AGGRESSIVE;
				GCC_WARN_UNUSED_FUNCTION = YES;
				GCC_WARN_UNUSED_VARIABLE = YES;
				IPHONEOS_DEPLOYMENT_TARGET = 14.5;
				MTL_ENABLE_DEBUG_INFO = INCLUDE_SOURCE;
				MTL_FAST_MATH = YES;
				ONLY_ACTIVE_ARCH = YES;
				SDKROOT = iphoneos;
				SWIFT_ACTIVE_COMPILATION_CONDITIONS = DEBUG;
				SWIFT_OPTIMIZATION_LEVEL = "-Onone";
			};
			name = Debug;
		};
		7D41838C27007FDC00DEF068 /* Release */ = {
			isa = XCBuildConfiguration;
			buildSettings = {
				ALWAYS_SEARCH_USER_PATHS = NO;
				CLANG_ANALYZER_NONNULL = YES;
				CLANG_ANALYZER_NUMBER_OBJECT_CONVERSION = YES_AGGRESSIVE;
				CLANG_CXX_LANGUAGE_STANDARD = "gnu++14";
				CLANG_CXX_LIBRARY = "libc++";
				CLANG_ENABLE_MODULES = YES;
				CLANG_ENABLE_OBJC_ARC = YES;
				CLANG_ENABLE_OBJC_WEAK = YES;
				CLANG_WARN_BLOCK_CAPTURE_AUTORELEASING = YES;
				CLANG_WARN_BOOL_CONVERSION = YES;
				CLANG_WARN_COMMA = YES;
				CLANG_WARN_CONSTANT_CONVERSION = YES;
				CLANG_WARN_DEPRECATED_OBJC_IMPLEMENTATIONS = YES;
				CLANG_WARN_DIRECT_OBJC_ISA_USAGE = YES_ERROR;
				CLANG_WARN_DOCUMENTATION_COMMENTS = YES;
				CLANG_WARN_EMPTY_BODY = YES;
				CLANG_WARN_ENUM_CONVERSION = YES;
				CLANG_WARN_INFINITE_RECURSION = YES;
				CLANG_WARN_INT_CONVERSION = YES;
				CLANG_WARN_NON_LITERAL_NULL_CONVERSION = YES;
				CLANG_WARN_OBJC_IMPLICIT_RETAIN_SELF = YES;
				CLANG_WARN_OBJC_LITERAL_CONVERSION = YES;
				CLANG_WARN_OBJC_ROOT_CLASS = YES_ERROR;
				CLANG_WARN_QUOTED_INCLUDE_IN_FRAMEWORK_HEADER = YES;
				CLANG_WARN_RANGE_LOOP_ANALYSIS = YES;
				CLANG_WARN_STRICT_PROTOTYPES = YES;
				CLANG_WARN_SUSPICIOUS_MOVE = YES;
				CLANG_WARN_UNGUARDED_AVAILABILITY = YES_AGGRESSIVE;
				CLANG_WARN_UNREACHABLE_CODE = YES;
				CLANG_WARN__DUPLICATE_METHOD_MATCH = YES;
				COPY_PHASE_STRIP = NO;
				DEBUG_INFORMATION_FORMAT = "dwarf-with-dsym";
				ENABLE_NS_ASSERTIONS = NO;
				ENABLE_STRICT_OBJC_MSGSEND = YES;
				GCC_C_LANGUAGE_STANDARD = gnu11;
				GCC_NO_COMMON_BLOCKS = YES;
				GCC_WARN_64_TO_32_BIT_CONVERSION = YES;
				GCC_WARN_ABOUT_RETURN_TYPE = YES_ERROR;
				GCC_WARN_UNDECLARED_SELECTOR = YES;
				GCC_WARN_UNINITIALIZED_AUTOS = YES_AGGRESSIVE;
				GCC_WARN_UNUSED_FUNCTION = YES;
				GCC_WARN_UNUSED_VARIABLE = YES;
				IPHONEOS_DEPLOYMENT_TARGET = 14.5;
				MTL_ENABLE_DEBUG_INFO = NO;
				MTL_FAST_MATH = YES;
				SDKROOT = iphoneos;
				SWIFT_COMPILATION_MODE = wholemodule;
				SWIFT_OPTIMIZATION_LEVEL = "-O";
				VALIDATE_PRODUCT = YES;
			};
			name = Release;
		};
		7D41838E27007FDC00DEF068 /* Debug */ = {
			isa = XCBuildConfiguration;
			buildSettings = {
				ASSETCATALOG_COMPILER_APPICON_NAME = AppIcon;
				ASSETCATALOG_COMPILER_GLOBAL_ACCENT_COLOR_NAME = AccentColor;
				CODE_SIGN_STYLE = Automatic;
				DEVELOPMENT_ASSET_PATHS = "\"FindCoronaCenter/Preview Content\"";
				DEVELOPMENT_TEAM = LQMLBH5HYT;
				ENABLE_PREVIEWS = YES;
				INFOPLIST_FILE = FindCoronaCenter/Info.plist;
				LD_RUNPATH_SEARCH_PATHS = (
					"$(inherited)",
					"@executable_path/Frameworks",
				);
				PRODUCT_BUNDLE_IDENTIFIER = "Bo-Young-PARK.FindCoronaCenter";
				PRODUCT_NAME = "$(TARGET_NAME)";
				SWIFT_VERSION = 5.0;
				TARGETED_DEVICE_FAMILY = "1,2";
			};
			name = Debug;
		};
		7D41838F27007FDC00DEF068 /* Release */ = {
			isa = XCBuildConfiguration;
			buildSettings = {
				ASSETCATALOG_COMPILER_APPICON_NAME = AppIcon;
				ASSETCATALOG_COMPILER_GLOBAL_ACCENT_COLOR_NAME = AccentColor;
				CODE_SIGN_STYLE = Automatic;
				DEVELOPMENT_ASSET_PATHS = "\"FindCoronaCenter/Preview Content\"";
				DEVELOPMENT_TEAM = V6G44Y3JGM;
				ENABLE_PREVIEWS = YES;
				INFOPLIST_FILE = FindCoronaCenter/Info.plist;
				LD_RUNPATH_SEARCH_PATHS = (
					"$(inherited)",
					"@executable_path/Frameworks",
				);
				PRODUCT_BUNDLE_IDENTIFIER = "Bo-Young-PARK.FindCoronaCenter";
				PRODUCT_NAME = "$(TARGET_NAME)";
				SWIFT_VERSION = 5.0;
				TARGETED_DEVICE_FAMILY = "1,2";
			};
			name = Release;
		};
		7D41839127007FDC00DEF068 /* Debug */ = {
			isa = XCBuildConfiguration;
			buildSettings = {
				ALWAYS_EMBED_SWIFT_STANDARD_LIBRARIES = YES;
				BUNDLE_LOADER = "$(TEST_HOST)";
				CODE_SIGN_STYLE = Automatic;
				DEVELOPMENT_TEAM = V6G44Y3JGM;
				INFOPLIST_FILE = FindCoronaCenterTests/Info.plist;
				IPHONEOS_DEPLOYMENT_TARGET = 14.5;
				LD_RUNPATH_SEARCH_PATHS = (
					"$(inherited)",
					"@executable_path/Frameworks",
					"@loader_path/Frameworks",
				);
				PRODUCT_BUNDLE_IDENTIFIER = "Bo-Young-PARK.FindCoronaCenterTests";
				PRODUCT_NAME = "$(TARGET_NAME)";
				SWIFT_VERSION = 5.0;
				TARGETED_DEVICE_FAMILY = "1,2";
				TEST_HOST = "$(BUILT_PRODUCTS_DIR)/FindCoronaCenter.app/FindCoronaCenter";
			};
			name = Debug;
		};
		7D41839227007FDC00DEF068 /* Release */ = {
			isa = XCBuildConfiguration;
			buildSettings = {
				ALWAYS_EMBED_SWIFT_STANDARD_LIBRARIES = YES;
				BUNDLE_LOADER = "$(TEST_HOST)";
				CODE_SIGN_STYLE = Automatic;
				DEVELOPMENT_TEAM = V6G44Y3JGM;
				INFOPLIST_FILE = FindCoronaCenterTests/Info.plist;
				IPHONEOS_DEPLOYMENT_TARGET = 14.5;
				LD_RUNPATH_SEARCH_PATHS = (
					"$(inherited)",
					"@executable_path/Frameworks",
					"@loader_path/Frameworks",
				);
				PRODUCT_BUNDLE_IDENTIFIER = "Bo-Young-PARK.FindCoronaCenterTests";
				PRODUCT_NAME = "$(TARGET_NAME)";
				SWIFT_VERSION = 5.0;
				TARGETED_DEVICE_FAMILY = "1,2";
				TEST_HOST = "$(BUILT_PRODUCTS_DIR)/FindCoronaCenter.app/FindCoronaCenter";
			};
			name = Release;
		};
		7D41839427007FDC00DEF068 /* Debug */ = {
			isa = XCBuildConfiguration;
			buildSettings = {
				ALWAYS_EMBED_SWIFT_STANDARD_LIBRARIES = YES;
				CODE_SIGN_STYLE = Automatic;
				DEVELOPMENT_TEAM = V6G44Y3JGM;
				INFOPLIST_FILE = FindCoronaCenterUITests/Info.plist;
				LD_RUNPATH_SEARCH_PATHS = (
					"$(inherited)",
					"@executable_path/Frameworks",
					"@loader_path/Frameworks",
				);
				PRODUCT_BUNDLE_IDENTIFIER = "Bo-Young-PARK.FindCoronaCenterUITests";
				PRODUCT_NAME = "$(TARGET_NAME)";
				SWIFT_VERSION = 5.0;
				TARGETED_DEVICE_FAMILY = "1,2";
				TEST_TARGET_NAME = FindCoronaCenter;
			};
			name = Debug;
		};
		7D41839527007FDC00DEF068 /* Release */ = {
			isa = XCBuildConfiguration;
			buildSettings = {
				ALWAYS_EMBED_SWIFT_STANDARD_LIBRARIES = YES;
				CODE_SIGN_STYLE = Automatic;
				DEVELOPMENT_TEAM = V6G44Y3JGM;
				INFOPLIST_FILE = FindCoronaCenterUITests/Info.plist;
				LD_RUNPATH_SEARCH_PATHS = (
					"$(inherited)",
					"@executable_path/Frameworks",
					"@loader_path/Frameworks",
				);
				PRODUCT_BUNDLE_IDENTIFIER = "Bo-Young-PARK.FindCoronaCenterUITests";
				PRODUCT_NAME = "$(TARGET_NAME)";
				SWIFT_VERSION = 5.0;
				TARGETED_DEVICE_FAMILY = "1,2";
				TEST_TARGET_NAME = FindCoronaCenter;
			};
			name = Release;
		};
/* End XCBuildConfiguration section */

/* Begin XCConfigurationList section */
		7D41835E27007FDA00DEF068 /* Build configuration list for PBXProject "FindCoronaCenter" */ = {
			isa = XCConfigurationList;
			buildConfigurations = (
				7D41838B27007FDC00DEF068 /* Debug */,
				7D41838C27007FDC00DEF068 /* Release */,
			);
			defaultConfigurationIsVisible = 0;
			defaultConfigurationName = Release;
		};
		7D41838D27007FDC00DEF068 /* Build configuration list for PBXNativeTarget "FindCoronaCenter" */ = {
			isa = XCConfigurationList;
			buildConfigurations = (
				7D41838E27007FDC00DEF068 /* Debug */,
				7D41838F27007FDC00DEF068 /* Release */,
			);
			defaultConfigurationIsVisible = 0;
			defaultConfigurationName = Release;
		};
		7D41839027007FDC00DEF068 /* Build configuration list for PBXNativeTarget "FindCoronaCenterTests" */ = {
			isa = XCConfigurationList;
			buildConfigurations = (
				7D41839127007FDC00DEF068 /* Debug */,
				7D41839227007FDC00DEF068 /* Release */,
			);
			defaultConfigurationIsVisible = 0;
			defaultConfigurationName = Release;
		};
		7D41839327007FDC00DEF068 /* Build configuration list for PBXNativeTarget "FindCoronaCenterUITests" */ = {
			isa = XCConfigurationList;
			buildConfigurations = (
				7D41839427007FDC00DEF068 /* Debug */,
				7D41839527007FDC00DEF068 /* Release */,
			);
			defaultConfigurationIsVisible = 0;
			defaultConfigurationName = Release;
		};
/* End XCConfigurationList section */
	};
	rootObject = 7D41835B27007FDA00DEF068 /* Project object */;
}
